
Microsoft Visual Studio Solution File, Format Version 12.00
# Visual Studio Version 16
VisualStudioVersion = 16.0.29025.244
MinimumVisualStudioVersion = 10.0.40219.1
Project("{FAE04EC0-301F-11D3-BF4B-00C04F79EFBC}") = "Cloudstron.Tool.ReName", "Cloudstron.Tool.ReName\Cloudstron.Tool.ReName.csproj", "{5FB7F6B3-0FCC-4845-B211-D90161F803C5}"
EndProject
Global
	GlobalSection(SolutionConfigurationPlatforms) = preSolution
		Debug|Any CPU = Debug|Any CPU
		Release|Any CPU = Release|Any CPU
	EndGlobalSection
	GlobalSection(ProjectConfigurationPlatforms) = postSolution
		{5FB7F6B3-0FCC-4845-B211-D90161F803C5}.Debug|Any CPU.ActiveCfg = Debug|Any CPU
		{5FB7F6B3-0FCC-4845-B211-D90161F803C5}.Debug|Any CPU.Build.0 = Debug|Any CPU
		{5FB7F6B3-0FCC-4845-B211-D90161F803C5}.Release|Any CPU.ActiveCfg = Release|Any CPU
		{5FB7F6B3-0FCC-4845-B211-D90161F803C5}.Release|Any CPU.Build.0 = Release|Any CPU
	EndGlobalSection
	GlobalSection(SolutionProperties) = preSolution
		HideSolutionNode = FALSE
	EndGlobalSection
	GlobalSection(ExtensibilityGlobals) = postSolution
		SolutionGuid = {B1CBB20B-0FB2-4CB1-926D-A5F064EF1503}
	EndGlobalSection
EndGlobal
